
Microsoft Visual Studio Solution File, Format Version 12.00
# Visual Studio 15
VisualStudioVersion = 15.0.28307.852
MinimumVisualStudioVersion = 10.0.40219.1
Project("{FAE04EC0-301F-11D3-BF4B-00C04F79EFBC}") = "Coleciones", "Coleciones\Coleciones.csproj", "{A076CFBD-B7DB-4710-B9BA-7DC81F80AF2A}"
EndProject
Global
	GlobalSection(SolutionConfigurationPlatforms) = preSolution
		Debug|Any CPU = Debug|Any CPU
		Release|Any CPU = Release|Any CPU
	EndGlobalSection
	GlobalSection(ProjectConfigurationPlatforms) = postSolution
		{A076CFBD-B7DB-4710-B9BA-7DC81F80AF2A}.Debug|Any CPU.ActiveCfg = Debug|Any CPU
		{A076CFBD-B7DB-4710-B9BA-7DC81F80AF2A}.Debug|Any CPU.Build.0 = Debug|Any CPU
		{A076CFBD-B7DB-4710-B9BA-7DC81F80AF2A}.Release|Any CPU.ActiveCfg = Release|Any CPU
		{A076CFBD-B7DB-4710-B9BA-7DC81F80AF2A}.Release|Any CPU.Build.0 = Release|Any CPU
	EndGlobalSection
	GlobalSection(SolutionProperties) = preSolution
		HideSolutionNode = FALSE
	EndGlobalSection
	GlobalSection(ExtensibilityGlobals) = postSolution
		SolutionGuid = {59968447-D526-45A0-B0C2-D96A9C6CD19D}
	EndGlobalSection
EndGlobal
